
Microsoft Visual Studio Solution File, Format Version 12.00
# Visual Studio Version 16
VisualStudioVersion = 16.0.30804.86
MinimumVisualStudioVersion = 10.0.40219.1
Project("{FAE04EC0-301F-11D3-BF4B-00C04F79EFBC}") = "Web1", "Web1\Web1.csproj", "{17CDB519-CA4C-47D5-93F6-1A090D005BDA}"
EndProject
Global
	GlobalSection(SolutionConfigurationPlatforms) = preSolution
		Debug|Any CPU = Debug|Any CPU
		Release|Any CPU = Release|Any CPU
	EndGlobalSection
	GlobalSection(ProjectConfigurationPlatforms) = postSolution
		{17CDB519-CA4C-47D5-93F6-1A090D005BDA}.Debug|Any CPU.ActiveCfg = Debug|Any CPU
		{17CDB519-CA4C-47D5-93F6-1A090D005BDA}.Debug|Any CPU.Build.0 = Debug|Any CPU
		{17CDB519-CA4C-47D5-93F6-1A090D005BDA}.Release|Any CPU.ActiveCfg = Release|Any CPU
		{17CDB519-CA4C-47D5-93F6-1A090D005BDA}.Release|Any CPU.Build.0 = Release|Any CPU
	EndGlobalSection
	GlobalSection(SolutionProperties) = preSolution
		HideSolutionNode = FALSE
	EndGlobalSection
	GlobalSection(ExtensibilityGlobals) = postSolution
		SolutionGuid = {91CFA459-5189-45A0-9A53-45D35D09FE80}
	EndGlobalSection
EndGlobal
